
Microsoft Visual Studio Solution File, Format Version 12.00
# Visual Studio Version 16
VisualStudioVersion = 16.0.29519.161
MinimumVisualStudioVersion = 10.0.40219.1
Project("{9A19103F-16F7-4668-BE54-9A1E7A4F7556}") = "Unmockable", "Unmockable\Unmockable.csproj", "{37EE405F-5C70-446C-87BB-1470207F1674}"
EndProject
Project("{9A19103F-16F7-4668-BE54-9A1E7A4F7556}") = "Unmockable.Intercept.Tests", "Unmockable.Intercept.Tests\Unmockable.Intercept.Tests.csproj", "{77D49786-DC73-4E85-A90B-A6BE7C16BAEA}"
EndProject
Project("{2150E333-8FDC-42A3-9474-1A3956D46DE8}") = "Items", "Items", "{4C96C55F-79E9-4CC6-AFD6-FE2A65C7AAC8}"
	ProjectSection(SolutionItems) = preProject
		.gitignore = .gitignore
		appveyor.yml = appveyor.yml
		README.md = README.md
	EndProjectSection
EndProject
Project("{9A19103F-16F7-4668-BE54-9A1E7A4F7556}") = "Unmockable.Intercept", "Unmockable.Intercept\Unmockable.Intercept.csproj", "{FB42ADB6-84FB-4161-A2D5-7489F2ED8619}"
EndProject
Project("{9A19103F-16F7-4668-BE54-9A1E7A4F7556}") = "Unmockable.Wrap", "Unmockable.Wrap\Unmockable.Wrap.csproj", "{FDDA2E17-3C31-4EA9-8D63-8F25C12051C3}"
EndProject
Project("{9A19103F-16F7-4668-BE54-9A1E7A4F7556}") = "Unmockable.Wrap.Tests", "Unmockable.Wrap.Tests\Unmockable.Wrap.Tests.csproj", "{EA701759-52DE-46A4-ABBE-195BEDBE6946}"
EndProject
Project("{9A19103F-16F7-4668-BE54-9A1E7A4F7556}") = "Unmockable.DependencyInjection", "Unmockable.DependencyInjection\Unmockable.DependencyInjection.csproj", "{6CE7E5DB-D5B1-4C68-97C7-E454AE3EDB5A}"
EndProject
Project("{9A19103F-16F7-4668-BE54-9A1E7A4F7556}") = "Unmockable.DependencyInjection.Tests", "Unmockable.DependencyInjection.Tests\Unmockable.DependencyInjection.Tests.csproj", "{890A543E-5565-4F58-A071-2047B9545982}"
EndProject
Project("{FAE04EC0-301F-11D3-BF4B-00C04F79EFBC}") = "Unmockable.Analyzer", "Unmockable.Analyzer\Unmockable.Analyzer\Unmockable.Analyzer.csproj", "{FB90AEB0-DD00-47BC-BCC7-19EB41CE3256}"
EndProject
Project("{FAE04EC0-301F-11D3-BF4B-00C04F79EFBC}") = "Unmockable.Analyzer.Test", "Unmockable.Analyzer\Unmockable.Analyzer.Test\Unmockable.Analyzer.Test.csproj", "{4D6B2598-1BE6-4ACE-8232-B6D0776996E7}"
EndProject
Global
	GlobalSection(SolutionConfigurationPlatforms) = preSolution
		Debug|Any CPU = Debug|Any CPU
		Release|Any CPU = Release|Any CPU
	EndGlobalSection
	GlobalSection(ProjectConfigurationPlatforms) = postSolution
		{37EE405F-5C70-446C-87BB-1470207F1674}.Debug|Any CPU.ActiveCfg = Debug|Any CPU
		{37EE405F-5C70-446C-87BB-1470207F1674}.Debug|Any CPU.Build.0 = Debug|Any CPU
		{37EE405F-5C70-446C-87BB-1470207F1674}.Release|Any CPU.ActiveCfg = Release|Any CPU
		{37EE405F-5C70-446C-87BB-1470207F1674}.Release|Any CPU.Build.0 = Release|Any CPU
		{77D49786-DC73-4E85-A90B-A6BE7C16BAEA}.Debug|Any CPU.ActiveCfg = Debug|Any CPU
		{77D49786-DC73-4E85-A90B-A6BE7C16BAEA}.Debug|Any CPU.Build.0 = Debug|Any CPU
		{77D49786-DC73-4E85-A90B-A6BE7C16BAEA}.Release|Any CPU.ActiveCfg = Release|Any CPU
		{77D49786-DC73-4E85-A90B-A6BE7C16BAEA}.Release|Any CPU.Build.0 = Release|Any CPU
		{FB42ADB6-84FB-4161-A2D5-7489F2ED8619}.Debug|Any CPU.ActiveCfg = Debug|Any CPU
		{FB42ADB6-84FB-4161-A2D5-7489F2ED8619}.Debug|Any CPU.Build.0 = Debug|Any CPU
		{FB42ADB6-84FB-4161-A2D5-7489F2ED8619}.Release|Any CPU.ActiveCfg = Release|Any CPU
		{FB42ADB6-84FB-4161-A2D5-7489F2ED8619}.Release|Any CPU.Build.0 = Release|Any CPU
		{FDDA2E17-3C31-4EA9-8D63-8F25C12051C3}.Debug|Any CPU.ActiveCfg = Debug|Any CPU
		{FDDA2E17-3C31-4EA9-8D63-8F25C12051C3}.Debug|Any CPU.Build.0 = Debug|Any CPU
		{FDDA2E17-3C31-4EA9-8D63-8F25C12051C3}.Release|Any CPU.ActiveCfg = Release|Any CPU
		{FDDA2E17-3C31-4EA9-8D63-8F25C12051C3}.Release|Any CPU.Build.0 = Release|Any CPU
		{EA701759-52DE-46A4-ABBE-195BEDBE6946}.Debug|Any CPU.ActiveCfg = Debug|Any CPU
		{EA701759-52DE-46A4-ABBE-195BEDBE6946}.Debug|Any CPU.Build.0 = Debug|Any CPU
		{EA701759-52DE-46A4-ABBE-195BEDBE6946}.Release|Any CPU.ActiveCfg = Release|Any CPU
		{EA701759-52DE-46A4-ABBE-195BEDBE6946}.Release|Any CPU.Build.0 = Release|Any CPU
		{6CE7E5DB-D5B1-4C68-97C7-E454AE3EDB5A}.Debug|Any CPU.ActiveCfg = Debug|Any CPU
		{6CE7E5DB-D5B1-4C68-97C7-E454AE3EDB5A}.Debug|Any CPU.Build.0 = Debug|Any CPU
		{6CE7E5DB-D5B1-4C68-97C7-E454AE3EDB5A}.Release|Any CPU.ActiveCfg = Release|Any CPU
		{6CE7E5DB-D5B1-4C68-97C7-E454AE3EDB5A}.Release|Any CPU.Build.0 = Release|Any CPU
		{890A543E-5565-4F58-A071-2047B9545982}.Debug|Any CPU.ActiveCfg = Debug|Any CPU
		{890A543E-5565-4F58-A071-2047B9545982}.Debug|Any CPU.Build.0 = Debug|Any CPU
		{890A543E-5565-4F58-A071-2047B9545982}.Release|Any CPU.ActiveCfg = Release|Any CPU
		{890A543E-5565-4F58-A071-2047B9545982}.Release|Any CPU.Build.0 = Release|Any CPU
		{FB90AEB0-DD00-47BC-BCC7-19EB41CE3256}.Debug|Any CPU.ActiveCfg = Debug|Any CPU
		{FB90AEB0-DD00-47BC-BCC7-19EB41CE3256}.Debug|Any CPU.Build.0 = Debug|Any CPU
		{FB90AEB0-DD00-47BC-BCC7-19EB41CE3256}.Release|Any CPU.ActiveCfg = Release|Any CPU
		{FB90AEB0-DD00-47BC-BCC7-19EB41CE3256}.Release|Any CPU.Build.0 = Release|Any CPU
		{4D6B2598-1BE6-4ACE-8232-B6D0776996E7}.Debug|Any CPU.ActiveCfg = Debug|Any CPU
		{4D6B2598-1BE6-4ACE-8232-B6D0776996E7}.Debug|Any CPU.Build.0 = Debug|Any CPU
		{4D6B2598-1BE6-4ACE-8232-B6D0776996E7}.Release|Any CPU.ActiveCfg = Release|Any CPU
		{4D6B2598-1BE6-4ACE-8232-B6D0776996E7}.Release|Any CPU.Build.0 = Release|Any CPU
	EndGlobalSection
	GlobalSection(SolutionProperties) = preSolution
		HideSolutionNode = FALSE
	EndGlobalSection
	GlobalSection(ExtensibilityGlobals) = postSolution
		SolutionGuid = {B3EE1069-1B38-4D66-AF57-98B990E62722}
	EndGlobalSection
EndGlobal
